PODS:
  - IDZSwiftCommonCrypto (0.13.0)
  - Nimble (8.1.1)
  - Quick (3.0.0)

DEPENDENCIES:
  - IDZSwiftCommonCrypto (~> 0.13.0)
  - Nimble (~> 8.0)
  - Quick (~> 3.0)

SPEC REPOS:
  trunk:
    - IDZSwiftCommonCrypto
    - Nimble
    - Quick

SPEC CHECKSUMS:
  IDZSwiftCommonCrypto: 00dd37cdfbd149312a7e5a582cf9909f8b129f44
  Nimble: 5f8a2fb6fa343a7242dfdd9d42f7267419d464b2
  Quick: 6d9559f40647bc4d510103842ef2fdd882d753e2

PODFILE CHECKSUM: 160a30321655df026eca9921b145de24c10e95e8

COCOAPODS: 1.9.3
